
Microsoft Visual Studio Solution File, Format Version 12.00
# Visual Studio Version 16
VisualStudioVersion = 16.0.30711.63
MinimumVisualStudioVersion = 10.0.40219.1
Project("{FAE04EC0-301F-11D3-BF4B-00C04F79EFBC}") = "WpfTemplate", "WpfTemplate\WpfTemplate.csproj", "{71DB3AE6-90D9-452F-8897-04A3B429A64A}"
EndProject
Global
	GlobalSection(SolutionConfigurationPlatforms) = preSolution
		Debug|x64 = Debug|x64
		Release|x64 = Release|x64
	EndGlobalSection
	GlobalSection(ProjectConfigurationPlatforms) = postSolution
		{71DB3AE6-90D9-452F-8897-04A3B429A64A}.Debug|x64.ActiveCfg = Debug|x64
		{71DB3AE6-90D9-452F-8897-04A3B429A64A}.Debug|x64.Build.0 = Debug|x64
		{71DB3AE6-90D9-452F-8897-04A3B429A64A}.Release|x64.ActiveCfg = Release|x64
		{71DB3AE6-90D9-452F-8897-04A3B429A64A}.Release|x64.Build.0 = Release|x64
	EndGlobalSection
	GlobalSection(SolutionProperties) = preSolution
		HideSolutionNode = FALSE
	EndGlobalSection
	GlobalSection(ExtensibilityGlobals) = postSolution
		SolutionGuid = {C36DC8F1-1566-4F8D-BD0B-1068F7F5894A}
	EndGlobalSection
EndGlobal
